
Microsoft Visual Studio Solution File, Format Version 12.00
# Visual Studio Version 17
VisualStudioVersion = 17.9.34714.143
MinimumVisualStudioVersion = 10.0.40219.1
Project("{2150E333-8FDC-42A3-9474-1A3956D46DE8}") = "UI", "UI", "{FA041F45-C83C-442D-B462-D1688ADA1EF6}"
EndProject
Project("{9A19103F-16F7-4668-BE54-9A1E7A4F7556}") = "Clerkgroup.View_1", "Clerkgroup.View_1\Clerkgroup.View_1.csproj", "{340D3992-9A90-4AE7-B50E-E5118DCF782A}"
EndProject
Project("{9A19103F-16F7-4668-BE54-9A1E7A4F7556}") = "Clerkgroup.View_2", "Clerkgroup.View_2\Clerkgroup.View_2.csproj", "{4533C0C1-6914-4ECB-A437-14AAF66F05F3}"
EndProject
Project("{9A19103F-16F7-4668-BE54-9A1E7A4F7556}") = "Clerkgroup.AuthView", "Clerkgroup.AuthView\Clerkgroup.AuthView.csproj", "{7F5C6035-FC99-4D51-8ACF-B0DEDDC3262D}"
EndProject
Project("{2150E333-8FDC-42A3-9474-1A3956D46DE8}") = "Core", "Core", "{AD98D4AD-7879-4085-B836-4D2C7C043C13}"
EndProject
Project("{9A19103F-16F7-4668-BE54-9A1E7A4F7556}") = "Clerkgroup.Application", "Clerkgroup.Application\Clerkgroup.Application.csproj", "{CA416393-6673-41B8-A171-021BB057FDB0}"
EndProject
Project("{9A19103F-16F7-4668-BE54-9A1E7A4F7556}") = "Clerkgroup.Shared", "Clerkgroup.Shared\Clerkgroup.Shared.csproj", "{3F664395-C276-42BE-A930-5A54A104E2BB}"
EndProject
Project("{9A19103F-16F7-4668-BE54-9A1E7A4F7556}") = "Clerkgroup.UI", "Clerkgroup.UI\Clerkgroup.UI.csproj", "{9E9B7712-ACA6-499B-B089-96B9E4F106CA}"
EndProject
Project("{2150E333-8FDC-42A3-9474-1A3956D46DE8}") = "Controls", "Controls", "{26C43AAA-CA93-4A99-8AE3-5E97EF4F4D9C}"
EndProject
Project("{9A19103F-16F7-4668-BE54-9A1E7A4F7556}") = "Clerkgroup.NavigationBar", "Clerkgroup.NavigationBar\Clerkgroup.NavigationBar.csproj", "{070A133C-2B2A-4C0A-A758-9AA3558FD439}"
EndProject
Project("{FAE04EC0-301F-11D3-BF4B-00C04F79EFBC}") = "Clerkgroup.Domain", "Clerkgroup.Domain\Clerkgroup.Domain.csproj", "{D9A1B487-E871-48FF-B14E-8B25627A2B57}"
EndProject
Global
	GlobalSection(SolutionConfigurationPlatforms) = preSolution
		Debug|Any CPU = Debug|Any CPU
		Release|Any CPU = Release|Any CPU
	EndGlobalSection
	GlobalSection(ProjectConfigurationPlatforms) = postSolution
		{340D3992-9A90-4AE7-B50E-E5118DCF782A}.Debug|Any CPU.ActiveCfg = Debug|Any CPU
		{340D3992-9A90-4AE7-B50E-E5118DCF782A}.Debug|Any CPU.Build.0 = Debug|Any CPU
		{340D3992-9A90-4AE7-B50E-E5118DCF782A}.Release|Any CPU.ActiveCfg = Release|Any CPU
		{340D3992-9A90-4AE7-B50E-E5118DCF782A}.Release|Any CPU.Build.0 = Release|Any CPU
		{4533C0C1-6914-4ECB-A437-14AAF66F05F3}.Debug|Any CPU.ActiveCfg = Debug|Any CPU
		{4533C0C1-6914-4ECB-A437-14AAF66F05F3}.Debug|Any CPU.Build.0 = Debug|Any CPU
		{4533C0C1-6914-4ECB-A437-14AAF66F05F3}.Release|Any CPU.ActiveCfg = Release|Any CPU
		{4533C0C1-6914-4ECB-A437-14AAF66F05F3}.Release|Any CPU.Build.0 = Release|Any CPU
		{7F5C6035-FC99-4D51-8ACF-B0DEDDC3262D}.Debug|Any CPU.ActiveCfg = Debug|Any CPU
		{7F5C6035-FC99-4D51-8ACF-B0DEDDC3262D}.Debug|Any CPU.Build.0 = Debug|Any CPU
		{7F5C6035-FC99-4D51-8ACF-B0DEDDC3262D}.Release|Any CPU.ActiveCfg = Release|Any CPU
		{7F5C6035-FC99-4D51-8ACF-B0DEDDC3262D}.Release|Any CPU.Build.0 = Release|Any CPU
		{CA416393-6673-41B8-A171-021BB057FDB0}.Debug|Any CPU.ActiveCfg = Debug|Any CPU
		{CA416393-6673-41B8-A171-021BB057FDB0}.Debug|Any CPU.Build.0 = Debug|Any CPU
		{CA416393-6673-41B8-A171-021BB057FDB0}.Release|Any CPU.ActiveCfg = Release|Any CPU
		{CA416393-6673-41B8-A171-021BB057FDB0}.Release|Any CPU.Build.0 = Release|Any CPU
		{3F664395-C276-42BE-A930-5A54A104E2BB}.Debug|Any CPU.ActiveCfg = Debug|Any CPU
		{3F664395-C276-42BE-A930-5A54A104E2BB}.Debug|Any CPU.Build.0 = Debug|Any CPU
		{3F664395-C276-42BE-A930-5A54A104E2BB}.Release|Any CPU.ActiveCfg = Release|Any CPU
		{3F664395-C276-42BE-A930-5A54A104E2BB}.Release|Any CPU.Build.0 = Release|Any CPU
		{9E9B7712-ACA6-499B-B089-96B9E4F106CA}.Debug|Any CPU.ActiveCfg = Debug|Any CPU
		{9E9B7712-ACA6-499B-B089-96B9E4F106CA}.Debug|Any CPU.Build.0 = Debug|Any CPU
		{9E9B7712-ACA6-499B-B089-96B9E4F106CA}.Release|Any CPU.ActiveCfg = Release|Any CPU
		{9E9B7712-ACA6-499B-B089-96B9E4F106CA}.Release|Any CPU.Build.0 = Release|Any CPU
		{070A133C-2B2A-4C0A-A758-9AA3558FD439}.Debug|Any CPU.ActiveCfg = Debug|Any CPU
		{070A133C-2B2A-4C0A-A758-9AA3558FD439}.Debug|Any CPU.Build.0 = Debug|Any CPU
		{070A133C-2B2A-4C0A-A758-9AA3558FD439}.Release|Any CPU.ActiveCfg = Release|Any CPU
		{070A133C-2B2A-4C0A-A758-9AA3558FD439}.Release|Any CPU.Build.0 = Release|Any CPU
		{D9A1B487-E871-48FF-B14E-8B25627A2B57}.Debug|Any CPU.ActiveCfg = Debug|Any CPU
		{D9A1B487-E871-48FF-B14E-8B25627A2B57}.Debug|Any CPU.Build.0 = Debug|Any CPU
		{D9A1B487-E871-48FF-B14E-8B25627A2B57}.Release|Any CPU.ActiveCfg = Release|Any CPU
		{D9A1B487-E871-48FF-B14E-8B25627A2B57}.Release|Any CPU.Build.0 = Release|Any CPU
	EndGlobalSection
	GlobalSection(SolutionProperties) = preSolution
		HideSolutionNode = FALSE
	EndGlobalSection
	GlobalSection(NestedProjects) = preSolution
		{340D3992-9A90-4AE7-B50E-E5118DCF782A} = {26C43AAA-CA93-4A99-8AE3-5E97EF4F4D9C}
		{4533C0C1-6914-4ECB-A437-14AAF66F05F3} = {26C43AAA-CA93-4A99-8AE3-5E97EF4F4D9C}
		{7F5C6035-FC99-4D51-8ACF-B0DEDDC3262D} = {26C43AAA-CA93-4A99-8AE3-5E97EF4F4D9C}
		{CA416393-6673-41B8-A171-021BB057FDB0} = {AD98D4AD-7879-4085-B836-4D2C7C043C13}
		{3F664395-C276-42BE-A930-5A54A104E2BB} = {AD98D4AD-7879-4085-B836-4D2C7C043C13}
		{9E9B7712-ACA6-499B-B089-96B9E4F106CA} = {FA041F45-C83C-442D-B462-D1688ADA1EF6}
		{26C43AAA-CA93-4A99-8AE3-5E97EF4F4D9C} = {FA041F45-C83C-442D-B462-D1688ADA1EF6}
		{070A133C-2B2A-4C0A-A758-9AA3558FD439} = {26C43AAA-CA93-4A99-8AE3-5E97EF4F4D9C}
		{D9A1B487-E871-48FF-B14E-8B25627A2B57} = {AD98D4AD-7879-4085-B836-4D2C7C043C13}
	EndGlobalSection
	GlobalSection(ExtensibilityGlobals) = postSolution
		SolutionGuid = {B86EC8F6-A8DD-41D0-9852-3ECED49ED980}
	EndGlobalSection
EndGlobal
